{
  "name": "taucmdr_renderer",
  "version": "0.1.0",
  "dependencies": {
    "@jupyterlab/rendermime-interfaces": {
      "version": "0.4.3",
      "from": "@jupyterlab/rendermime-interfaces@>=0.4.2 <0.5.0",
      "resolved": "https://registry.npmjs.org/@jupyterlab/rendermime-interfaces/-/rendermime-interfaces-0.4.3.tgz"
    },
    "@phosphor/algorithm": {
      "version": "1.1.2",
      "from": "@phosphor/algorithm@>=1.1.2 <2.0.0",
      "resolved": "https://registry.npmjs.org/@phosphor/algorithm/-/algorithm-1.1.2.tgz"
    },
    "@phosphor/collections": {
      "version": "1.1.2",
      "from": "@phosphor/collections@>=1.1.2 <2.0.0",
      "resolved": "https://registry.npmjs.org/@phosphor/collections/-/collections-1.1.2.tgz"
    },
    "@phosphor/commands": {
      "version": "1.4.0",
      "from": "@phosphor/commands@>=1.4.0 <2.0.0",
      "resolved": "https://registry.npmjs.org/@phosphor/commands/-/commands-1.4.0.tgz"
    },
    "@phosphor/coreutils": {
      "version": "1.3.0",
      "from": "@phosphor/coreutils@>=1.3.0 <2.0.0",
      "resolved": "https://registry.npmjs.org/@phosphor/coreutils/-/coreutils-1.3.0.tgz"
    },
    "@phosphor/disposable": {
      "version": "1.1.2",
      "from": "@phosphor/disposable@>=1.1.2 <2.0.0",
      "resolved": "https://registry.npmjs.org/@phosphor/disposable/-/disposable-1.1.2.tgz"
    },
    "@phosphor/domutils": {
      "version": "1.1.2",
      "from": "@phosphor/domutils@>=1.1.2 <2.0.0",
      "resolved": "https://registry.npmjs.org/@phosphor/domutils/-/domutils-1.1.2.tgz"
    },
    "@phosphor/dragdrop": {
      "version": "1.3.0",
      "from": "@phosphor/dragdrop@>=1.3.0 <2.0.0",
      "resolved": "https://registry.npmjs.org/@phosphor/dragdrop/-/dragdrop-1.3.0.tgz"
    },
    "@phosphor/keyboard": {
      "version": "1.1.2",
      "from": "@phosphor/keyboard@>=1.1.2 <2.0.0",
      "resolved": "https://registry.npmjs.org/@phosphor/keyboard/-/keyboard-1.1.2.tgz"
    },
    "@phosphor/messaging": {
      "version": "1.2.2",
      "from": "@phosphor/messaging@>=1.2.2 <2.0.0",
      "resolved": "https://registry.npmjs.org/@phosphor/messaging/-/messaging-1.2.2.tgz"
    },
    "@phosphor/properties": {
      "version": "1.1.2",
      "from": "@phosphor/properties@>=1.1.2 <2.0.0",
      "resolved": "https://registry.npmjs.org/@phosphor/properties/-/properties-1.1.2.tgz"
    },
    "@phosphor/signaling": {
      "version": "1.2.2",
      "from": "@phosphor/signaling@>=1.2.2 <2.0.0",
      "resolved": "https://registry.npmjs.org/@phosphor/signaling/-/signaling-1.2.2.tgz"
    },
    "@phosphor/virtualdom": {
      "version": "1.1.2",
      "from": "@phosphor/virtualdom@>=1.1.2 <2.0.0",
      "resolved": "https://registry.npmjs.org/@phosphor/virtualdom/-/virtualdom-1.1.2.tgz"
    },
    "@phosphor/widgets": {
      "version": "1.5.0",
      "from": "@phosphor/widgets@>=1.5.0 <2.0.0",
      "resolved": "https://registry.npmjs.org/@phosphor/widgets/-/widgets-1.5.0.tgz"
    },
    "@types/lodash": {
      "version": "4.14.88",
      "from": "@types/lodash@*",
      "resolved": "https://registry.npmjs.org/@types/lodash/-/lodash-4.14.88.tgz"
    },
    "@types/lodash-es": {
      "version": "4.17.0",
      "from": "@types/lodash-es@latest",
      "resolved": "https://registry.npmjs.org/@types/lodash-es/-/lodash-es-4.17.0.tgz"
    },
    "@types/three": {
      "version": "0.84.35",
      "from": "@types/three@>=0.84.35 <0.85.0",
      "resolved": "https://registry.npmjs.org/@types/three/-/three-0.84.35.tgz"
    },
    "@types/webvr-api": {
      "version": "0.0.31",
      "from": "@types/webvr-api@*",
      "resolved": "https://registry.npmjs.org/@types/webvr-api/-/webvr-api-0.0.31.tgz"
    },
    "lodash-es": {
      "version": "4.17.4",
      "from": "lodash-es@latest",
      "resolved": "https://registry.npmjs.org/lodash-es/-/lodash-es-4.17.4.tgz"
    },
    "moremath": {
      "version": "1.1.6",
      "from": "moremath@latest",
      "resolved": "https://registry.npmjs.org/moremath/-/moremath-1.1.6.tgz"
    },
    "three": {
      "version": "0.88.0",
      "from": "three@>=0.88.0 <0.89.0",
      "resolved": "https://registry.npmjs.org/three/-/three-0.88.0.tgz"
    },
    "three-text2d": {
      "version": "0.3.4",
      "from": "three-text2d@latest",
      "resolved": "https://registry.npmjs.org/three-text2d/-/three-text2d-0.3.4.tgz"
    }
  }
}
